// !$*UTF8*$!
{
	archiveVersion = 1;
	classes = {
	};
	objectVersion = 50;
	objects = {

/* Begin PBXBuildFile section */
		A54F3DA023984FE000629FA5 /* AppDelegate.swift in Sources */ = {isa = PBXBuildFile; fileRef = A54F3D9F23984FE000629FA5 /* AppDelegate.swift */; };
		A54F3DA223984FE000629FA5 /* SceneDelegate.swift in Sources */ = {isa = PBXBuildFile; fileRef = A54F3DA123984FE000629FA5 /* SceneDelegate.swift */; };
		A54F3DA423984FE000629FA5 /* ViewController.swift in Sources */ = {isa = PBXBuildFile; fileRef = A54F3DA323984FE000629FA5 /* ViewController.swift */; };
		A54F3DA723984FE000629FA5 /* Main.storyboard in Resources */ = {isa = PBXBuildFile; fileRef = A54F3DA523984FE000629FA5 /* Main.storyboard */; };
		A54F3DA923984FE400629FA5 /* Assets.xcassets in Resources */ = {isa = PBXBuildFile; fileRef = A54F3DA823984FE400629FA5 /* Assets.xcassets */; };
		A54F3DAC23984FE400629FA5 /* LaunchScreen.storyboard in Resources */ = {isa = PBXBuildFile; fileRef = A54F3DAA23984FE400629FA5 /* LaunchScreen.storyboard */; };
		A54F3DB42398518000629FA5 /* TableViewController.swift in Sources */ = {isa = PBXBuildFile; fileRef = A54F3DB32398518000629FA5 /* TableViewController.swift */; };
/* End PBXBuildFile section */

/* Begin PBXFileReference section */
		A54F3D9C23984FE000629FA5 /* NavigationSample.app */ = {isa = PBXFileReference; explicitFileType = wrapper.application; includeInIndex = 0; path = NavigationSample.app; sourceTree = BUILT_PRODUCTS_DIR; };
		A54F3D9F23984FE000629FA5 /* AppDelegate.swift */ = {isa = PBXFileReference; lastKnownFileType = sourcecode.swift; path = AppDelegate.swift; sourceTree = "<group>"; };
		A54F3DA123984FE000629FA5 /* SceneDelegate.swift */ = {isa = PBXFileReference; lastKnownFileType = sourcecode.swift; path = SceneDelegate.swift; sourceTree = "<group>"; };
		A54F3DA323984FE000629FA5 /* ViewController.swift */ = {isa = PBXFileReference; lastKnownFileType = sourcecode.swift; path = ViewController.swift; sourceTree = "<group>"; };
		A54F3DA623984FE000629FA5 /* Base */ = {isa = PBXFileReference; lastKnownFileType = file.storyboard; name = Base; path = Base.lproj/Main.storyboard; sourceTree = "<group>"; };
		A54F3DA823984FE400629FA5 /* Assets.xcassets */ = {isa = PBXFileReference; lastKnownFileType = folder.assetcatalog; path = Assets.xcassets; sourceTree = "<group>"; };
		A54F3DAB23984FE400629FA5 /* Base */ = {isa = PBXFileReference; lastKnownFileType = file.storyboard; name = Base; path = Base.lproj/LaunchScreen.storyboard; sourceTree = "<group>"; };
		A54F3DAD23984FE400629FA5 /* Info.plist */ = {isa = PBXFileReference; lastKnownFileType = text.plist.xml; path = Info.plist; sourceTree = "<group>"; };
		A54F3DB32398518000629FA5 /* TableViewController.swift */ = {isa = PBXFileReference; lastKnownFileType = sourcecode.swift; path = TableViewController.swift; sourceTree = "<group>"; };
/* End PBXFileReference section */

/* Begin PBXFrameworksBuildPhase section */
		A54F3D9923984FE000629FA5 /* Frameworks */ = {
			isa = PBXFrameworksBuildPhase;
			buildActionMask = 2147483647;
			files = (
			);
			runOnlyForDeploymentPostprocessing = 0;
		};
/* End PBXFrameworksBuildPhase section */

/* Begin PBXGroup section */
		A54F3D9323984FE000629FA5 = {
			isa = PBXGroup;
			children = (
				A54F3D9E23984FE000629FA5 /* NavigationSample */,
				A54F3D9D23984FE000629FA5 /* Products */,
			);
			sourceTree = "<group>";
		};
		A54F3D9D23984FE000629FA5 /* Products */ = {
			isa = PBXGroup;
			children = (
				A54F3D9C23984FE000629FA5 /* NavigationSample.app */,
			);
			name = Products;
			sourceTree = "<group>";
		};
		A54F3D9E23984FE000629FA5 /* NavigationSample */ = {
			isa = PBXGroup;
			children = (
				A54F3D9F23984FE000629FA5 /* AppDelegate.swift */,
				A54F3DA123984FE000629FA5 /* SceneDelegate.swift */,
				A54F3DA323984FE000629FA5 /* ViewController.swift */,
				A54F3DA523984FE000629FA5 /* Main.storyboard */,
				A54F3DB32398518000629FA5 /* TableViewController.swift */,
				A54F3DA823984FE400629FA5 /* Assets.xcassets */,
				A54F3DAA23984FE400629FA5 /* LaunchScreen.storyboard */,
				A54F3DAD23984FE400629FA5 /* Info.plist */,
			);
			path = NavigationSample;
			sourceTree = "<group>";
		};
/* End PBXGroup section */

/* Begin PBXNativeTarget section */
		A54F3D9B23984FE000629FA5 /* NavigationSample */ = {
			isa = PBXNativeTarget;
			buildConfigurationList = A54F3DB023984FE400629FA5 /* Build configuration list for PBXNativeTarget "NavigationSample" */;
			buildPhases = (
				A54F3D9823984FE000629FA5 /* Sources */,
				A54F3D9923984FE000629FA5 /* Frameworks */,
				A54F3D9A23984FE000629FA5 /* Resources */,
			);
			buildRules = (
			);
			dependencies = (
			);
			name = NavigationSample;
			productName = NavigationSample;
			productReference = A54F3D9C23984FE000629FA5 /* NavigationSample.app */;
			productType = "com.apple.product-type.application";
		};
/* End PBXNativeTarget section */

/* Begin PBXProject section */
		A54F3D9423984FE000629FA5 /* Project object */ = {
			isa = PBXProject;
			attributes = {
				LastSwiftUpdateCheck = 1120;
				LastUpgradeCheck = 1120;
				ORGANIZATIONNAME = Oleksandr;
				TargetAttributes = {
					A54F3D9B23984FE000629FA5 = {
						CreatedOnToolsVersion = 11.2.1;
					};
				};
			};
			buildConfigurationList = A54F3D9723984FE000629FA5 /* Build configuration list for PBXProject "NavigationSample" */;
			compatibilityVersion = "Xcode 9.3";
			developmentRegion = en;
			hasScannedForEncodings = 0;
			knownRegions = (
				en,
				Base,
			);
			mainGroup = A54F3D9323984FE000629FA5;
			productRefGroup = A54F3D9D23984FE000629FA5 /* Products */;
			projectDirPath = "";
			projectRoot = "";
			targets = (
				A54F3D9B23984FE000629FA5 /* NavigationSample */,
			);
		};
/* End PBXProject section */

/* Begin PBXResourcesBuildPhase section */
		A54F3D9A23984FE000629FA5 /* Resources */ = {
			isa = PBXResourcesBuildPhase;
			buildActionMask = 2147483647;
			files = (
				A54F3DAC23984FE400629FA5 /* LaunchScreen.storyboard in Resources */,
				A54F3DA923984FE400629FA5 /* Assets.xcassets in Resources */,
				A54F3DA723984FE000629FA5 /* Main.storyboard in Resources */,
			);
			runOnlyForDeploymentPostprocessing = 0;
		};
/* End PBXResourcesBuildPhase section */

/* Begin PBXSourcesBuildPhase section */
		A54F3D9823984FE000629FA5 /* Sources */ = {
			isa = PBXSourcesBuildPhase;
			buildActionMask = 2147483647;
			files = (
				A54F3DA423984FE000629FA5 /* ViewController.swift in Sources */,
				A54F3DA023984FE000629FA5 /* AppDelegate.swift in Sources */,
				A54F3DA223984FE000629FA5 /* SceneDelegate.swift in Sources */,
				A54F3DB42398518000629FA5 /* TableViewController.swift in Sources */,
			);
			runOnlyForDeploymentPostprocessing = 0;
		};
/* End PBXSourcesBuildPhase section */

/* Begin PBXVariantGroup section */
		A54F3DA523984FE000629FA5 /* Main.storyboard */ = {
			isa = PBXVariantGroup;
			children = (
				A54F3DA623984FE000629FA5 /* Base */,
			);
			name = Main.storyboard;
			sourceTree = "<group>";
		};
		A54F3DAA23984FE400629FA5 /* LaunchScreen.storyboard */ = {
			isa = PBXVariantGroup;
			children = (
				A54F3DAB23984FE400629FA5 /* Base */,
			);
			name = LaunchScreen.storyboard;
			sourceTree = "<group>";
		};
/* End PBXVariantGroup section */

/* Begin XCBuildConfiguration section */
		A54F3DAE23984FE400629FA5 /* Debug */ = {
			isa = XCBuildConfiguration;
			buildSettings = {
				ALWAYS_SEARCH_USER_PATHS = NO;
				CLANG_ANALYZER_NONNULL = YES;
				CLANG_ANALYZER_NUMBER_OBJECT_CONVERSION = YES_AGGRESSIVE;
				CLANG_CXX_LANGUAGE_STANDARD = "gnu++14";
				CLANG_CXX_LIBRARY = "libc++";
				CLANG_ENABLE_MODULES = YES;
				CLANG_ENABLE_OBJC_ARC = YES;
				CLANG_ENABLE_OBJC_WEAK = YES;
				CLANG_WARN_BLOCK_CAPTURE_AUTORELEASING = YES;
				CLANG_WARN_BOOL_CONVERSION = YES;
				CLANG_WARN_COMMA = YES;
				CLANG_WARN_CONSTANT_CONVERSION = YES;
				CLANG_WARN_DEPRECATED_OBJC_IMPLEMENTATIONS = YES;
				CLANG_WARN_DIRECT_OBJC_ISA_USAGE = YES_ERROR;
				CLANG_WARN_DOCUMENTATION_COMMENTS = YES;
				CLANG_WARN_EMPTY_BODY = YES;
				CLANG_WARN_ENUM_CONVERSION = YES;
				CLANG_WARN_INFINITE_RECURSION = YES;
				CLANG_WARN_INT_CONVERSION = YES;
				CLANG_WARN_NON_LITERAL_NULL_CONVERSION = YES;
				CLANG_WARN_OBJC_IMPLICIT_RETAIN_SELF = YES;
				CLANG_WARN_OBJC_LITERAL_CONVERSION = YES;
				CLANG_WARN_OBJC_ROOT_CLASS = YES_ERROR;
				CLANG_WARN_RANGE_LOOP_ANALYSIS = YES;
				CLANG_WARN_STRICT_PROTOTYPES = YES;
				CLANG_WARN_SUSPICIOUS_MOVE = YES;
				CLANG_WARN_UNGUARDED_AVAILABILITY = YES_AGGRESSIVE;
				CLANG_WARN_UNREACHABLE_CODE = YES;
				CLANG_WARN__DUPLICATE_METHOD_MATCH = YES;
				COPY_PHASE_STRIP = NO;
				DEBUG_INFORMATION_FORMAT = dwarf;
				ENABLE_STRICT_OBJC_MSGSEND = YES;
				ENABLE_TESTABILITY = YES;
				GCC_C_LANGUAGE_STANDARD = gnu11;
				GCC_DYNAMIC_NO_PIC = NO;
				GCC_NO_COMMON_BLOCKS = YES;
				GCC_OPTIMIZATION_LEVEL = 0;
				GCC_PREPROCESSOR_DEFINITIONS = (
					"DEBUG=1",
					"$(inherited)",
				);
				GCC_WARN_64_TO_32_BIT_CONVERSION = YES;
				GCC_WARN_ABOUT_RETURN_TYPE = YES_ERROR;
				GCC_WARN_UNDECLARED_SELECTOR = YES;
				GCC_WARN_UNINITIALIZED_AUTOS = YES_AGGRESSIVE;
				GCC_WARN_UNUSED_FUNCTION = YES;
				GCC_WARN_UNUSED_VARIABLE = YES;
				IPHONEOS_DEPLOYMENT_TARGET = 13.2;
				MTL_ENABLE_DEBUG_INFO = INCLUDE_SOURCE;
				MTL_FAST_MATH = YES;
				ONLY_ACTIVE_ARCH = YES;
				SDKROOT = iphoneos;
				SWIFT_ACTIVE_COMPILATION_CONDITIONS = DEBUG;
				SWIFT_OPTIMIZATION_LEVEL = "-Onone";
			};
			name = Debug;
		};
		A54F3DAF23984FE400629FA5 /* Release */ = {
			isa = XCBuildConfiguration;
			buildSettings = {
				ALWAYS_SEARCH_USER_PATHS = NO;
				CLANG_ANALYZER_NONNULL = YES;
				CLANG_ANALYZER_NUMBER_OBJECT_CONVERSION = YES_AGGRESSIVE;
				CLANG_CXX_LANGUAGE_STANDARD = "gnu++14";
				CLANG_CXX_LIBRARY = "libc++";
				CLANG_ENABLE_MODULES = YES;
				CLANG_ENABLE_OBJC_ARC = YES;
				CLANG_ENABLE_OBJC_WEAK = YES;
				CLANG_WARN_BLOCK_CAPTURE_AUTORELEASING = YES;
				CLANG_WARN_BOOL_CONVERSION = YES;
				CLANG_WARN_COMMA = YES;
				CLANG_WARN_CONSTANT_CONVERSION = YES;
				CLANG_WARN_DEPRECATED_OBJC_IMPLEMENTATIONS = YES;
				CLANG_WARN_DIRECT_OBJC_ISA_USAGE = YES_ERROR;
				CLANG_WARN_DOCUMENTATION_COMMENTS = YES;
				CLANG_WARN_EMPTY_BODY = YES;
				CLANG_WARN_ENUM_CONVERSION = YES;
				CLANG_WARN_INFINITE_RECURSION = YES;
				CLANG_WARN_INT_CONVERSION = YES;
				CLANG_WARN_NON_LITERAL_NULL_CONVERSION = YES;
				CLANG_WARN_OBJC_IMPLICIT_RETAIN_SELF = YES;
				CLANG_WARN_OBJC_LITERAL_CONVERSION = YES;
				CLANG_WARN_OBJC_ROOT_CLASS = YES_ERROR;
				CLANG_WARN_RANGE_LOOP_ANALYSIS = YES;
				CLANG_WARN_STRICT_PROTOTYPES = YES;
				CLANG_WARN_SUSPICIOUS_MOVE = YES;
				CLANG_WARN_UNGUARDED_AVAILABILITY = YES_AGGRESSIVE;
				CLANG_WARN_UNREACHABLE_CODE = YES;
				CLANG_WARN__DUPLICATE_METHOD_MATCH = YES;
				COPY_PHASE_STRIP = NO;
				DEBUG_INFORMATION_FORMAT = "dwarf-with-dsym";
				ENABLE_NS_ASSERTIONS = NO;
				ENABLE_STRICT_OBJC_MSGSEND = YES;
				GCC_C_LANGUAGE_STANDARD = gnu11;
				GCC_NO_COMMON_BLOCKS = YES;
				GCC_WARN_64_TO_32_BIT_CONVERSION = YES;
				GCC_WARN_ABOUT_RETURN_TYPE = YES_ERROR;
				GCC_WARN_UNDECLARED_SELECTOR = YES;
				GCC_WARN_UNINITIALIZED_AUTOS = YES_AGGRESSIVE;
				GCC_WARN_UNUSED_FUNCTION = YES;
				GCC_WARN_UNUSED_VARIABLE = YES;
				IPHONEOS_DEPLOYMENT_TARGET = 13.2;
				MTL_ENABLE_DEBUG_INFO = NO;
				MTL_FAST_MATH = YES;
				SDKROOT = iphoneos;
				SWIFT_COMPILATION_MODE = wholemodule;
				SWIFT_OPTIMIZATION_LEVEL = "-O";
				VALIDATE_PRODUCT = YES;
			};
			name = Release;
		};
		A54F3DB123984FE400629FA5 /* Debug */ = {
			isa = XCBuildConfiguration;
			buildSettings = {
				ASSETCATALOG_COMPILER_APPICON_NAME = AppIcon;
				CODE_SIGN_STYLE = Automatic;
				DEVELOPMENT_TEAM = BC3DY8RZKY;
				INFOPLIST_FILE = NavigationSample/Info.plist;
				LD_RUNPATH_SEARCH_PATHS = (
					"$(inherited)",
					"@executable_path/Frameworks",
				);
				PRODUCT_BUNDLE_IDENTIFIER = com.org.md.NavigationSample;
				PRODUCT_NAME = "$(TARGET_NAME)";
				SWIFT_VERSION = 5.0;
				TARGETED_DEVICE_FAMILY = "1,2";
			};
			name = Debug;
		};
		A54F3DB223984FE400629FA5 /* Release */ = {
			isa = XCBuildConfiguration;
			buildSettings = {
				ASSETCATALOG_COMPILER_APPICON_NAME = AppIcon;
				CODE_SIGN_STYLE = Automatic;
				DEVELOPMENT_TEAM = BC3DY8RZKY;
				INFOPLIST_FILE = NavigationSample/Info.plist;
				LD_RUNPATH_SEARCH_PATHS = (
					"$(inherited)",
					"@executable_path/Frameworks",
				);
				PRODUCT_BUNDLE_IDENTIFIER = com.org.md.NavigationSample;
				PRODUCT_NAME = "$(TARGET_NAME)";
				SWIFT_VERSION = 5.0;
				TARGETED_DEVICE_FAMILY = "1,2";
			};
			name = Release;
		};
/* End XCBuildConfiguration section */

/* Begin XCConfigurationList section */
		A54F3D9723984FE000629FA5 /* Build configuration list for PBXProject "NavigationSample" */ = {
			isa = XCConfigurationList;
			buildConfigurations = (
				A54F3DAE23984FE400629FA5 /* Debug */,
				A54F3DAF23984FE400629FA5 /* Release */,
			);
			defaultConfigurationIsVisible = 0;
			defaultConfigurationName = Release;
		};
		A54F3DB023984FE400629FA5 /* Build configuration list for PBXNativeTarget "NavigationSample" */ = {
			isa = XCConfigurationList;
			buildConfigurations = (
				A54F3DB123984FE400629FA5 /* Debug */,
				A54F3DB223984FE400629FA5 /* Release */,
			);
			defaultConfigurationIsVisible = 0;
			defaultConfigurationName = Release;
		};
/* End XCConfigurationList section */
	};
	rootObject = A54F3D9423984FE000629FA5 /* Project object */;
}
